
Microsoft Visual Studio Solution File, Format Version 12.00
# Visual Studio Version 16
VisualStudioVersion = 16.0.28803.202
MinimumVisualStudioVersion = 10.0.40219.1
Project("{FAE04EC0-301F-11D3-BF4B-00C04F79EFBC}") = "P3.API", "P3.API\P3.API.csproj", "{5BFC61DD-C1EE-4854-97A2-F161693AE313}"
	ProjectSection(ProjectDependencies) = postProject
		{7E53F8BF-4D58-413D-AF94-E1A93C5C096E} = {7E53F8BF-4D58-413D-AF94-E1A93C5C096E}
	EndProjectSection
EndProject
Project("{2150E333-8FDC-42A3-9474-1A3956D46DE8}") = "Common", "Common", "{564F7D64-17B6-41A8-819E-731D38454002}"
EndProject
Project("{2150E333-8FDC-42A3-9474-1A3956D46DE8}") = "Services", "Services", "{40B8A162-2989-40EB-B079-A7FB3B995B11}"
EndProject
Project("{FAE04EC0-301F-11D3-BF4B-00C04F79EFBC}") = "P3.API.Model", "P3.API.Model\P3.API.Model.csproj", "{7E53F8BF-4D58-413D-AF94-E1A93C5C096E}"
EndProject
Project("{FAE04EC0-301F-11D3-BF4B-00C04F79EFBC}") = "P3.API.Control", "P3.API.DataBase\P3.API.Control.csproj", "{46BEDD93-5205-403F-B557-F96B3895105D}"
EndProject
Global
	GlobalSection(SolutionConfigurationPlatforms) = preSolution
		Debug|Any CPU = Debug|Any CPU
		Release|Any CPU = Release|Any CPU
	EndGlobalSection
	GlobalSection(ProjectConfigurationPlatforms) = postSolution
		{5BFC61DD-C1EE-4854-97A2-F161693AE313}.Debug|Any CPU.ActiveCfg = Debug|Any CPU
		{5BFC61DD-C1EE-4854-97A2-F161693AE313}.Debug|Any CPU.Build.0 = Debug|Any CPU
		{5BFC61DD-C1EE-4854-97A2-F161693AE313}.Release|Any CPU.ActiveCfg = Release|Any CPU
		{5BFC61DD-C1EE-4854-97A2-F161693AE313}.Release|Any CPU.Build.0 = Release|Any CPU
		{7E53F8BF-4D58-413D-AF94-E1A93C5C096E}.Debug|Any CPU.ActiveCfg = Debug|Any CPU
		{7E53F8BF-4D58-413D-AF94-E1A93C5C096E}.Debug|Any CPU.Build.0 = Debug|Any CPU
		{7E53F8BF-4D58-413D-AF94-E1A93C5C096E}.Release|Any CPU.ActiveCfg = Release|Any CPU
		{7E53F8BF-4D58-413D-AF94-E1A93C5C096E}.Release|Any CPU.Build.0 = Release|Any CPU
		{46BEDD93-5205-403F-B557-F96B3895105D}.Debug|Any CPU.ActiveCfg = Debug|Any CPU
		{46BEDD93-5205-403F-B557-F96B3895105D}.Debug|Any CPU.Build.0 = Debug|Any CPU
		{46BEDD93-5205-403F-B557-F96B3895105D}.Release|Any CPU.ActiveCfg = Release|Any CPU
		{46BEDD93-5205-403F-B557-F96B3895105D}.Release|Any CPU.Build.0 = Release|Any CPU
	EndGlobalSection
	GlobalSection(SolutionProperties) = preSolution
		HideSolutionNode = FALSE
	EndGlobalSection
	GlobalSection(NestedProjects) = preSolution
		{5BFC61DD-C1EE-4854-97A2-F161693AE313} = {40B8A162-2989-40EB-B079-A7FB3B995B11}
		{7E53F8BF-4D58-413D-AF94-E1A93C5C096E} = {564F7D64-17B6-41A8-819E-731D38454002}
		{46BEDD93-5205-403F-B557-F96B3895105D} = {564F7D64-17B6-41A8-819E-731D38454002}
	EndGlobalSection
	GlobalSection(ExtensibilityGlobals) = postSolution
		SolutionGuid = {4F8A8212-5BD4-422D-AB7B-603FA02D210F}
	EndGlobalSection
EndGlobal
